// !$*UTF8*$!
{
	archiveVersion = 1;
	classes = {
	};
	objectVersion = 46;
	objects = {

/* Begin PBXBuildFile section */
		8F618E351EB9828F0020B33B /* libprotobuf-lite.a in Frameworks */ = {isa = PBXBuildFile; fileRef = 8F618E341EB9828F0020B33B /* libprotobuf-lite.a */; };
		8FDC5A081EAFE94B006D450F /* main.m in Sources */ = {isa = PBXBuildFile; fileRef = 8FDC5A071EAFE94B006D450F /* main.m */; };
		8FDC5A101EB00588006D450F /* VROFBXExporter.cpp in Sources */ = {isa = PBXBuildFile; fileRef = 8FDC5A0E1EB00588006D450F /* VROFBXExporter.cpp */; };
		8FDC5A151EB00632006D450F /* VROLog.cpp in Sources */ = {isa = PBXBuildFile; fileRef = 8FDC5A131EB00632006D450F /* VROLog.cpp */; };
		8FDC5A1D1EB301E7006D450F /* libfbxsdk.a in Frameworks */ = {isa = PBXBuildFile; fileRef = 8FDC5A1C1EB301E7006D450F /* libfbxsdk.a */; };
		8FDC5A211EB40F53006D450F /* Nodes.pb.cc in Sources */ = {isa = PBXBuildFile; fileRef = 8FDC5A1F1EB40F53006D450F /* Nodes.pb.cc */; };
/* End PBXBuildFile section */

/* Begin PBXCopyFilesBuildPhase section */
		8FDC5A021EAFE94B006D450F /* CopyFiles */ = {
			isa = PBXCopyFilesBuildPhase;
			buildActionMask = 2147483647;
			dstPath = /usr/share/man/man1/;
			dstSubfolderSpec = 0;
			files = (
			);
			runOnlyForDeploymentPostprocessing = 1;
		};
/* End PBXCopyFilesBuildPhase section */

/* Begin PBXFileReference section */
		8F618E2C1EB92BD10020B33B /* heart_beat_triangles.fbx */ = {isa = PBXFileReference; lastKnownFileType = file; path = heart_beat_triangles.fbx; sourceTree = "<group>"; };
		8F618E341EB9828F0020B33B /* libprotobuf-lite.a */ = {isa = PBXFileReference; lastKnownFileType = archive.ar; name = "libprotobuf-lite.a"; path = "Libraries/protobuf/lib/libprotobuf-lite.a"; sourceTree = "<group>"; };
		8F618E3E1EBB8B090020B33B /* Hyperspace_Madness_Killamari_Minion.fbx */ = {isa = PBXFileReference; lastKnownFileType = file; path = Hyperspace_Madness_Killamari_Minion.fbx; sourceTree = "<group>"; };
		8F618E3F1EBB8B090020B33B /* Hyperspace_Madness_Sven.fbx */ = {isa = PBXFileReference; lastKnownFileType = file; path = Hyperspace_Madness_Sven.fbx; sourceTree = "<group>"; };
		8FDC5A041EAFE94B006D450F /* ViroFBX */ = {isa = PBXFileReference; explicitFileType = "compiled.mach-o.executable"; includeInIndex = 0; path = ViroFBX; sourceTree = BUILT_PRODUCTS_DIR; };
		8FDC5A071EAFE94B006D450F /* main.m */ = {isa = PBXFileReference; explicitFileType = sourcecode.cpp.objcpp; path = main.m; sourceTree = "<group>"; };
		8FDC5A0E1EB00588006D450F /* VROFBXExporter.cpp */ = {isa = PBXFileReference; explicitFileType = sourcecode.cpp.objcpp; fileEncoding = 4; path = VROFBXExporter.cpp; sourceTree = "<group>"; };
		8FDC5A0F1EB00588006D450F /* VROFBXExporter.h */ = {isa = PBXFileReference; fileEncoding = 4; lastKnownFileType = sourcecode.c.h; path = VROFBXExporter.h; sourceTree = "<group>"; };
		8FDC5A121EB00632006D450F /* VRODefines.h */ = {isa = PBXFileReference; fileEncoding = 4; lastKnownFileType = sourcecode.c.h; path = VRODefines.h; sourceTree = "<group>"; };
		8FDC5A131EB00632006D450F /* VROLog.cpp */ = {isa = PBXFileReference; explicitFileType = sourcecode.cpp.objcpp; fileEncoding = 4; path = VROLog.cpp; sourceTree = "<group>"; };
		8FDC5A141EB00632006D450F /* VROLog.h */ = {isa = PBXFileReference; fileEncoding = 4; lastKnownFileType = sourcecode.c.h; path = VROLog.h; sourceTree = "<group>"; };
		8FDC5A1B1EB2FF2E006D450F /* heart_beat.fbx */ = {isa = PBXFileReference; lastKnownFileType = file; path = heart_beat.fbx; sourceTree = "<group>"; };
		8FDC5A1C1EB301E7006D450F /* libfbxsdk.a */ = {isa = PBXFileReference; lastKnownFileType = archive.ar; name = libfbxsdk.a; path = Libraries/fbx/lib/libfbxsdk.a; sourceTree = "<group>"; };
		8FDC5A1F1EB40F53006D450F /* Nodes.pb.cc */ = {isa = PBXFileReference; fileEncoding = 4; lastKnownFileType = sourcecode.cpp.cpp; path = Nodes.pb.cc; sourceTree = "<group>"; };
		8FDC5A201EB40F53006D450F /* Nodes.pb.h */ = {isa = PBXFileReference; fileEncoding = 4; lastKnownFileType = sourcecode.c.h; path = Nodes.pb.h; sourceTree = "<group>"; };
/* End PBXFileReference section */

/* Begin PBXFrameworksBuildPhase section */
		8FDC5A011EAFE94B006D450F /* Frameworks */ = {
			isa = PBXFrameworksBuildPhase;
			buildActionMask = 2147483647;
			files = (
				8F618E351EB9828F0020B33B /* libprotobuf-lite.a in Frameworks */,
				8FDC5A1D1EB301E7006D450F /* libfbxsdk.a in Frameworks */,
			);
			runOnlyForDeploymentPostprocessing = 0;
		};
/* End PBXFrameworksBuildPhase section */

/* Begin PBXGroup section */
		8FDC59FB1EAFE94B006D450F = {
			isa = PBXGroup;
			children = (
				8FDC5A111EB0058E006D450F /* ViroFBX */,
				8FDC5A061EAFE94B006D450F /* MacOS */,
				8FDC5A051EAFE94B006D450F /* Products */,
				8FDC5A171EB2FE27006D450F /* Frameworks */,
			);
			sourceTree = "<group>";
		};
		8FDC5A051EAFE94B006D450F /* Products */ = {
			isa = PBXGroup;
			children = (
				8FDC5A041EAFE94B006D450F /* ViroFBX */,
			);
			name = Products;
			sourceTree = "<group>";
		};
		8FDC5A061EAFE94B006D450F /* MacOS */ = {
			isa = PBXGroup;
			children = (
				8FDC5A1A1EB2FF25006D450F /* Resources */,
				8FDC5A071EAFE94B006D450F /* main.m */,
			);
			name = MacOS;
			path = ViroFBX;
			sourceTree = "<group>";
		};
		8FDC5A111EB0058E006D450F /* ViroFBX */ = {
			isa = PBXGroup;
			children = (
				8FDC5A1F1EB40F53006D450F /* Nodes.pb.cc */,
				8FDC5A201EB40F53006D450F /* Nodes.pb.h */,
				8FDC5A121EB00632006D450F /* VRODefines.h */,
				8FDC5A141EB00632006D450F /* VROLog.h */,
				8FDC5A131EB00632006D450F /* VROLog.cpp */,
				8FDC5A0F1EB00588006D450F /* VROFBXExporter.h */,
				8FDC5A0E1EB00588006D450F /* VROFBXExporter.cpp */,
			);
			name = ViroFBX;
			path = ../ViroFBX;
			sourceTree = "<group>";
		};
		8FDC5A171EB2FE27006D450F /* Frameworks */ = {
			isa = PBXGroup;
			children = (
				8F618E341EB9828F0020B33B /* libprotobuf-lite.a */,
				8FDC5A1C1EB301E7006D450F /* libfbxsdk.a */,
			);
			name = Frameworks;
			sourceTree = "<group>";
		};
		8FDC5A1A1EB2FF25006D450F /* Resources */ = {
			isa = PBXGroup;
			children = (
				8F618E3E1EBB8B090020B33B /* Hyperspace_Madness_Killamari_Minion.fbx */,
				8F618E3F1EBB8B090020B33B /* Hyperspace_Madness_Sven.fbx */,
				8F618E2C1EB92BD10020B33B /* heart_beat_triangles.fbx */,
				8FDC5A1B1EB2FF2E006D450F /* heart_beat.fbx */,
			);
			name = Resources;
			sourceTree = "<group>";
		};
/* End PBXGroup section */

/* Begin PBXNativeTarget section */
		8FDC5A031EAFE94B006D450F /* ViroFBX */ = {
			isa = PBXNativeTarget;
			buildConfigurationList = 8FDC5A0B1EAFE94B006D450F /* Build configuration list for PBXNativeTarget "ViroFBX" */;
			buildPhases = (
				8FDC5A001EAFE94B006D450F /* Sources */,
				8FDC5A011EAFE94B006D450F /* Frameworks */,
				8FDC5A021EAFE94B006D450F /* CopyFiles */,
			);
			buildRules = (
			);
			dependencies = (
			);
			name = ViroFBX;
			productName = ViroFBX;
			productReference = 8FDC5A041EAFE94B006D450F /* ViroFBX */;
			productType = "com.apple.product-type.tool";
		};
/* End PBXNativeTarget section */

/* Begin PBXProject section */
		8FDC59FC1EAFE94B006D450F /* Project object */ = {
			isa = PBXProject;
			attributes = {
				LastUpgradeCheck = 0830;
				ORGANIZATIONNAME = Viro;
				TargetAttributes = {
					8FDC5A031EAFE94B006D450F = {
						CreatedOnToolsVersion = 8.3.1;
						DevelopmentTeam = UN8MD7234Y;
						ProvisioningStyle = Automatic;
					};
				};
			};
			buildConfigurationList = 8FDC59FF1EAFE94B006D450F /* Build configuration list for PBXProject "ViroFBX" */;
			compatibilityVersion = "Xcode 3.2";
			developmentRegion = English;
			hasScannedForEncodings = 0;
			knownRegions = (
				en,
			);
			mainGroup = 8FDC59FB1EAFE94B006D450F;
			productRefGroup = 8FDC5A051EAFE94B006D450F /* Products */;
			projectDirPath = "";
			projectRoot = "";
			targets = (
				8FDC5A031EAFE94B006D450F /* ViroFBX */,
			);
		};
/* End PBXProject section */

/* Begin PBXSourcesBuildPhase section */
		8FDC5A001EAFE94B006D450F /* Sources */ = {
			isa = PBXSourcesBuildPhase;
			buildActionMask = 2147483647;
			files = (
				8FDC5A211EB40F53006D450F /* Nodes.pb.cc in Sources */,
				8FDC5A081EAFE94B006D450F /* main.m in Sources */,
				8FDC5A151EB00632006D450F /* VROLog.cpp in Sources */,
				8FDC5A101EB00588006D450F /* VROFBXExporter.cpp in Sources */,
			);
			runOnlyForDeploymentPostprocessing = 0;
		};
/* End PBXSourcesBuildPhase section */

/* Begin XCBuildConfiguration section */
		8FDC5A091EAFE94B006D450F /* Debug */ = {
			isa = XCBuildConfiguration;
			buildSettings = {
				ALWAYS_SEARCH_USER_PATHS = NO;
				ARCHS = "$(ARCHS_STANDARD)";
				CLANG_ANALYZER_NONNULL = YES;
				CLANG_ANALYZER_NUMBER_OBJECT_CONVERSION = YES_AGGRESSIVE;
				CLANG_CXX_LANGUAGE_STANDARD = "gnu++0x";
				CLANG_CXX_LIBRARY = "libc++";
				CLANG_ENABLE_MODULES = YES;
				CLANG_ENABLE_OBJC_ARC = YES;
				CLANG_WARN_BOOL_CONVERSION = YES;
				CLANG_WARN_CONSTANT_CONVERSION = YES;
				CLANG_WARN_DIRECT_OBJC_ISA_USAGE = YES_ERROR;
				CLANG_WARN_DOCUMENTATION_COMMENTS = NO;
				CLANG_WARN_EMPTY_BODY = YES;
				CLANG_WARN_ENUM_CONVERSION = YES;
				CLANG_WARN_INFINITE_RECURSION = YES;
				CLANG_WARN_INT_CONVERSION = YES;
				CLANG_WARN_OBJC_ROOT_CLASS = YES_ERROR;
				CLANG_WARN_SUSPICIOUS_MOVE = YES;
				CLANG_WARN_UNREACHABLE_CODE = YES;
				CLANG_WARN__DUPLICATE_METHOD_MATCH = YES;
				CODE_SIGN_IDENTITY = "-";
				COPY_PHASE_STRIP = NO;
				DEBUG_INFORMATION_FORMAT = dwarf;
				ENABLE_STRICT_OBJC_MSGSEND = YES;
				ENABLE_TESTABILITY = YES;
				GCC_C_LANGUAGE_STANDARD = gnu99;
				GCC_DYNAMIC_NO_PIC = NO;
				GCC_NO_COMMON_BLOCKS = YES;
				GCC_OPTIMIZATION_LEVEL = 0;
				GCC_PREPROCESSOR_DEFINITIONS = (
					"DEBUG=1",
					"$(inherited)",
				);
				GCC_WARN_64_TO_32_BIT_CONVERSION = YES;
				GCC_WARN_ABOUT_RETURN_TYPE = YES_ERROR;
				GCC_WARN_UNDECLARED_SELECTOR = YES;
				GCC_WARN_UNINITIALIZED_AUTOS = YES_AGGRESSIVE;
				GCC_WARN_UNUSED_FUNCTION = YES;
				GCC_WARN_UNUSED_VARIABLE = YES;
				HEADER_SEARCH_PATHS = (
					"$(SRCROOT)/Libraries/fbx/include",
					"$(SRCROOT)/Libraries/protobuf/include",
				);
				MACOSX_DEPLOYMENT_TARGET = 10.12;
				MTL_ENABLE_DEBUG_INFO = YES;
				ONLY_ACTIVE_ARCH = YES;
				SDKROOT = macosx;
			};
			name = Debug;
		};
		8FDC5A0A1EAFE94B006D450F /* Release */ = {
			isa = XCBuildConfiguration;
			buildSettings = {
				ALWAYS_SEARCH_USER_PATHS = NO;
				ARCHS = "$(ARCHS_STANDARD)";
				CLANG_ANALYZER_NONNULL = YES;
				CLANG_ANALYZER_NUMBER_OBJECT_CONVERSION = YES_AGGRESSIVE;
				CLANG_CXX_LANGUAGE_STANDARD = "gnu++0x";
				CLANG_CXX_LIBRARY = "libc++";
				CLANG_ENABLE_MODULES = YES;
				CLANG_ENABLE_OBJC_ARC = YES;
				CLANG_WARN_BOOL_CONVERSION = YES;
				CLANG_WARN_CONSTANT_CONVERSION = YES;
				CLANG_WARN_DIRECT_OBJC_ISA_USAGE = YES_ERROR;
				CLANG_WARN_DOCUMENTATION_COMMENTS = NO;
				CLANG_WARN_EMPTY_BODY = YES;
				CLANG_WARN_ENUM_CONVERSION = YES;
				CLANG_WARN_INFINITE_RECURSION = YES;
				CLANG_WARN_INT_CONVERSION = YES;
				CLANG_WARN_OBJC_ROOT_CLASS = YES_ERROR;
				CLANG_WARN_SUSPICIOUS_MOVE = YES;
				CLANG_WARN_UNREACHABLE_CODE = YES;
				CLANG_WARN__DUPLICATE_METHOD_MATCH = YES;
				CODE_SIGN_IDENTITY = "-";
				COPY_PHASE_STRIP = NO;
				DEBUG_INFORMATION_FORMAT = "dwarf-with-dsym";
				ENABLE_NS_ASSERTIONS = NO;
				ENABLE_STRICT_OBJC_MSGSEND = YES;
				GCC_C_LANGUAGE_STANDARD = gnu99;
				GCC_NO_COMMON_BLOCKS = YES;
				GCC_WARN_64_TO_32_BIT_CONVERSION = YES;
				GCC_WARN_ABOUT_RETURN_TYPE = YES_ERROR;
				GCC_WARN_UNDECLARED_SELECTOR = YES;
				GCC_WARN_UNINITIALIZED_AUTOS = YES_AGGRESSIVE;
				GCC_WARN_UNUSED_FUNCTION = YES;
				GCC_WARN_UNUSED_VARIABLE = YES;
				HEADER_SEARCH_PATHS = (
					"$(SRCROOT)/Libraries/fbx/include",
					"$(SRCROOT)/Libraries/protobuf/include",
				);
				MACOSX_DEPLOYMENT_TARGET = 10.12;
				MTL_ENABLE_DEBUG_INFO = NO;
				SDKROOT = macosx;
			};
			name = Release;
		};
		8FDC5A0C1EAFE94B006D450F /* Debug */ = {
			isa = XCBuildConfiguration;
			buildSettings = {
				DEVELOPMENT_TEAM = UN8MD7234Y;
				LIBRARY_SEARCH_PATHS = (
					"$(inherited)",
					"$(PROJECT_DIR)/Libraries/fbx/lib/ios-i386/release",
					"$(PROJECT_DIR)/Libraries/fbx/lib",
					"$(PROJECT_DIR)/Libraries/protobuf/lib",
				);
				PRODUCT_NAME = "$(TARGET_NAME)";
			};
			name = Debug;
		};
		8FDC5A0D1EAFE94B006D450F /* Release */ = {
			isa = XCBuildConfiguration;
			buildSettings = {
				DEVELOPMENT_TEAM = UN8MD7234Y;
				LIBRARY_SEARCH_PATHS = (
					"$(inherited)",
					"$(PROJECT_DIR)/Libraries/fbx/lib/ios-i386/release",
					"$(PROJECT_DIR)/Libraries/fbx/lib",
					"$(PROJECT_DIR)/Libraries/protobuf/lib",
				);
				PRODUCT_NAME = "$(TARGET_NAME)";
			};
			name = Release;
		};
/* End XCBuildConfiguration section */

/* Begin XCConfigurationList section */
		8FDC59FF1EAFE94B006D450F /* Build configuration list for PBXProject "ViroFBX" */ = {
			isa = XCConfigurationList;
			buildConfigurations = (
				8FDC5A091EAFE94B006D450F /* Debug */,
				8FDC5A0A1EAFE94B006D450F /* Release */,
			);
			defaultConfigurationIsVisible = 0;
			defaultConfigurationName = Release;
		};
		8FDC5A0B1EAFE94B006D450F /* Build configuration list for PBXNativeTarget "ViroFBX" */ = {
			isa = XCConfigurationList;
			buildConfigurations = (
				8FDC5A0C1EAFE94B006D450F /* Debug */,
				8FDC5A0D1EAFE94B006D450F /* Release */,
			);
			defaultConfigurationIsVisible = 0;
			defaultConfigurationName = Release;
		};
/* End XCConfigurationList section */
	};
	rootObject = 8FDC59FC1EAFE94B006D450F /* Project object */;
}
